// !$*UTF8*$!
{
	archiveVersion = 1;
	classes = {
	};
	objectVersion = 50;
	objects = {

/* Begin PBXBuildFile section */
		BA13B26F2283076900066D28 /* AppDelegate.swift in Sources */ = {isa = PBXBuildFile; fileRef = BA13B26E2283076900066D28 /* AppDelegate.swift */; };
		BA13B2762283076B00066D28 /* Assets.xcassets in Resources */ = {isa = PBXBuildFile; fileRef = BA13B2752283076B00066D28 /* Assets.xcassets */; };
		BA13B2792283076B00066D28 /* LaunchScreen.storyboard in Resources */ = {isa = PBXBuildFile; fileRef = BA13B2772283076B00066D28 /* LaunchScreen.storyboard */; };
		BA13B2842283076B00066D28 /* AssignmentTests.swift in Sources */ = {isa = PBXBuildFile; fileRef = BA13B2832283076B00066D28 /* AssignmentTests.swift */; };
		BA13B28F2283076B00066D28 /* AssignmentUITests.swift in Sources */ = {isa = PBXBuildFile; fileRef = BA13B28E2283076B00066D28 /* AssignmentUITests.swift */; };
		BA13B29F22831B6100066D28 /* Main.storyboard in Resources */ = {isa = PBXBuildFile; fileRef = BA13B29E22831B6000066D28 /* Main.storyboard */; };
		BA13B2A322831BC600066D28 /* GridViewController.swift in Sources */ = {isa = PBXBuildFile; fileRef = BA13B2A222831BC600066D28 /* GridViewController.swift */; };
		BA21EF3822844714006BC23B /* GridCell.swift in Sources */ = {isa = PBXBuildFile; fileRef = BA21EF3722844714006BC23B /* GridCell.swift */; };
		BA21EF3A228449DA006BC23B /* GameLogic.swift in Sources */ = {isa = PBXBuildFile; fileRef = BA21EF39228449DA006BC23B /* GameLogic.swift */; };
		BA21EF3C22844B06006BC23B /* GameState.swift in Sources */ = {isa = PBXBuildFile; fileRef = BA21EF3B22844B05006BC23B /* GameState.swift */; };
		BA21EF3E22844B57006BC23B /* Cell.swift in Sources */ = {isa = PBXBuildFile; fileRef = BA21EF3D22844B57006BC23B /* Cell.swift */; };
/* End PBXBuildFile section */

/* Begin PBXContainerItemProxy section */
		BA13B2802283076B00066D28 /* PBXContainerItemProxy */ = {
			isa = PBXContainerItemProxy;
			containerPortal = BA13B2632283076800066D28 /* Project object */;
			proxyType = 1;
			remoteGlobalIDString = BA13B26A2283076900066D28;
			remoteInfo = Assignment;
		};
		BA13B28B2283076B00066D28 /* PBXContainerItemProxy */ = {
			isa = PBXContainerItemProxy;
			containerPortal = BA13B2632283076800066D28 /* Project object */;
			proxyType = 1;
			remoteGlobalIDString = BA13B26A2283076900066D28;
			remoteInfo = Assignment;
		};
/* End PBXContainerItemProxy section */

/* Begin PBXFileReference section */
		BA13B26B2283076900066D28 /* Assignment.app */ = {isa = PBXFileReference; explicitFileType = wrapper.application; includeInIndex = 0; path = Assignment.app; sourceTree = BUILT_PRODUCTS_DIR; };
		BA13B26E2283076900066D28 /* AppDelegate.swift */ = {isa = PBXFileReference; lastKnownFileType = sourcecode.swift; path = AppDelegate.swift; sourceTree = "<group>"; };
		BA13B2752283076B00066D28 /* Assets.xcassets */ = {isa = PBXFileReference; lastKnownFileType = folder.assetcatalog; path = Assets.xcassets; sourceTree = "<group>"; };
		BA13B2782283076B00066D28 /* Base */ = {isa = PBXFileReference; lastKnownFileType = file.storyboard; name = Base; path = Base.lproj/LaunchScreen.storyboard; sourceTree = "<group>"; };
		BA13B27A2283076B00066D28 /* Info.plist */ = {isa = PBXFileReference; lastKnownFileType = text.plist.xml; path = Info.plist; sourceTree = "<group>"; };
		BA13B27F2283076B00066D28 /* AssignmentTests.xctest */ = {isa = PBXFileReference; explicitFileType = wrapper.cfbundle; includeInIndex = 0; path = AssignmentTests.xctest; sourceTree = BUILT_PRODUCTS_DIR; };
		BA13B2832283076B00066D28 /* AssignmentTests.swift */ = {isa = PBXFileReference; lastKnownFileType = sourcecode.swift; path = AssignmentTests.swift; sourceTree = "<group>"; };
		BA13B2852283076B00066D28 /* Info.plist */ = {isa = PBXFileReference; lastKnownFileType = text.plist.xml; path = Info.plist; sourceTree = "<group>"; };
		BA13B28A2283076B00066D28 /* AssignmentUITests.xctest */ = {isa = PBXFileReference; explicitFileType = wrapper.cfbundle; includeInIndex = 0; path = AssignmentUITests.xctest; sourceTree = BUILT_PRODUCTS_DIR; };
		BA13B28E2283076B00066D28 /* AssignmentUITests.swift */ = {isa = PBXFileReference; lastKnownFileType = sourcecode.swift; path = AssignmentUITests.swift; sourceTree = "<group>"; };
		BA13B2902283076B00066D28 /* Info.plist */ = {isa = PBXFileReference; lastKnownFileType = text.plist.xml; path = Info.plist; sourceTree = "<group>"; };
		BA13B29E22831B6000066D28 /* Main.storyboard */ = {isa = PBXFileReference; fileEncoding = 4; lastKnownFileType = file.storyboard; path = Main.storyboard; sourceTree = "<group>"; };
		BA13B2A222831BC600066D28 /* GridViewController.swift */ = {isa = PBXFileReference; lastKnownFileType = sourcecode.swift; path = GridViewController.swift; sourceTree = "<group>"; };
		BA21EF3722844714006BC23B /* GridCell.swift */ = {isa = PBXFileReference; fileEncoding = 4; lastKnownFileType = sourcecode.swift; path = GridCell.swift; sourceTree = "<group>"; };
		BA21EF39228449DA006BC23B /* GameLogic.swift */ = {isa = PBXFileReference; fileEncoding = 4; lastKnownFileType = sourcecode.swift; path = GameLogic.swift; sourceTree = "<group>"; };
		BA21EF3B22844B05006BC23B /* GameState.swift */ = {isa = PBXFileReference; fileEncoding = 4; lastKnownFileType = sourcecode.swift; path = GameState.swift; sourceTree = "<group>"; };
		BA21EF3D22844B57006BC23B /* Cell.swift */ = {isa = PBXFileReference; fileEncoding = 4; lastKnownFileType = sourcecode.swift; path = Cell.swift; sourceTree = "<group>"; };
/* End PBXFileReference section */

/* Begin PBXFrameworksBuildPhase section */
		BA13B2682283076900066D28 /* Frameworks */ = {
			isa = PBXFrameworksBuildPhase;
			buildActionMask = 2147483647;
			files = (
			);
			runOnlyForDeploymentPostprocessing = 0;
		};
		BA13B27C2283076B00066D28 /* Frameworks */ = {
			isa = PBXFrameworksBuildPhase;
			buildActionMask = 2147483647;
			files = (
			);
			runOnlyForDeploymentPostprocessing = 0;
		};
		BA13B2872283076B00066D28 /* Frameworks */ = {
			isa = PBXFrameworksBuildPhase;
			buildActionMask = 2147483647;
			files = (
			);
			runOnlyForDeploymentPostprocessing = 0;
		};
/* End PBXFrameworksBuildPhase section */

/* Begin PBXGroup section */
		BA13B2622283076800066D28 = {
			isa = PBXGroup;
			children = (
				BA13B26D2283076900066D28 /* Assignment */,
				BA13B2822283076B00066D28 /* AssignmentTests */,
				BA13B28D2283076B00066D28 /* AssignmentUITests */,
				BA13B26C2283076900066D28 /* Products */,
			);
			sourceTree = "<group>";
		};
		BA13B26C2283076900066D28 /* Products */ = {
			isa = PBXGroup;
			children = (
				BA13B26B2283076900066D28 /* Assignment.app */,
				BA13B27F2283076B00066D28 /* AssignmentTests.xctest */,
				BA13B28A2283076B00066D28 /* AssignmentUITests.xctest */,
			);
			name = Products;
			sourceTree = "<group>";
		};
		BA13B26D2283076900066D28 /* Assignment */ = {
			isa = PBXGroup;
			children = (
				BA13B2B3228323A000066D28 /* AppIntialization */,
				BA13B2B22283236900066D28 /* Controller */,
				BA13B2B12283236900066D28 /* Model */,
				BA13B2B02283234400066D28 /* View */,
				BA13B29E22831B6000066D28 /* Main.storyboard */,
				BA13B2752283076B00066D28 /* Assets.xcassets */,
				BA13B2772283076B00066D28 /* LaunchScreen.storyboard */,
				BA13B27A2283076B00066D28 /* Info.plist */,
			);
			path = Assignment;
			sourceTree = "<group>";
		};
		BA13B2822283076B00066D28 /* AssignmentTests */ = {
			isa = PBXGroup;
			children = (
				BA13B2832283076B00066D28 /* AssignmentTests.swift */,
				BA13B2852283076B00066D28 /* Info.plist */,
			);
			path = AssignmentTests;
			sourceTree = "<group>";
		};
		BA13B28D2283076B00066D28 /* AssignmentUITests */ = {
			isa = PBXGroup;
			children = (
				BA13B28E2283076B00066D28 /* AssignmentUITests.swift */,
				BA13B2902283076B00066D28 /* Info.plist */,
			);
			path = AssignmentUITests;
			sourceTree = "<group>";
		};
		BA13B2B02283234400066D28 /* View */ = {
			isa = PBXGroup;
			children = (
				BA21EF3722844714006BC23B /* GridCell.swift */,
			);
			path = View;
			sourceTree = "<group>";
		};
		BA13B2B12283236900066D28 /* Model */ = {
			isa = PBXGroup;
			children = (
				BA21EF3D22844B57006BC23B /* Cell.swift */,
				BA21EF3B22844B05006BC23B /* GameState.swift */,
				BA21EF39228449DA006BC23B /* GameLogic.swift */,
			);
			path = Model;
			sourceTree = "<group>";
		};
		BA13B2B22283236900066D28 /* Controller */ = {
			isa = PBXGroup;
			children = (
				BA13B2A222831BC600066D28 /* GridViewController.swift */,
			);
			path = Controller;
			sourceTree = "<group>";
		};
		BA13B2B3228323A000066D28 /* AppIntialization */ = {
			isa = PBXGroup;
			children = (
				BA13B26E2283076900066D28 /* AppDelegate.swift */,
			);
			path = AppIntialization;
			sourceTree = "<group>";
		};
/* End PBXGroup section */

/* Begin PBXNativeTarget section */
		BA13B26A2283076900066D28 /* Assignment */ = {
			isa = PBXNativeTarget;
			buildConfigurationList = BA13B2932283076B00066D28 /* Build configuration list for PBXNativeTarget "Assignment" */;
			buildPhases = (
				BA13B2672283076900066D28 /* Sources */,
				BA13B2682283076900066D28 /* Frameworks */,
				BA13B2692283076900066D28 /* Resources */,
			);
			buildRules = (
			);
			dependencies = (
			);
			name = Assignment;
			productName = Assignment;
			productReference = BA13B26B2283076900066D28 /* Assignment.app */;
			productType = "com.apple.product-type.application";
		};
		BA13B27E2283076B00066D28 /* AssignmentTests */ = {
			isa = PBXNativeTarget;
			buildConfigurationList = BA13B2962283076B00066D28 /* Build configuration list for PBXNativeTarget "AssignmentTests" */;
			buildPhases = (
				BA13B27B2283076B00066D28 /* Sources */,
				BA13B27C2283076B00066D28 /* Frameworks */,
				BA13B27D2283076B00066D28 /* Resources */,
			);
			buildRules = (
			);
			dependencies = (
				BA13B2812283076B00066D28 /* PBXTargetDependency */,
			);
			name = AssignmentTests;
			productName = AssignmentTests;
			productReference = BA13B27F2283076B00066D28 /* AssignmentTests.xctest */;
			productType = "com.apple.product-type.bundle.unit-test";
		};
		BA13B2892283076B00066D28 /* AssignmentUITests */ = {
			isa = PBXNativeTarget;
			buildConfigurationList = BA13B2992283076B00066D28 /* Build configuration list for PBXNativeTarget "AssignmentUITests" */;
			buildPhases = (
				BA13B2862283076B00066D28 /* Sources */,
				BA13B2872283076B00066D28 /* Frameworks */,
				BA13B2882283076B00066D28 /* Resources */,
			);
			buildRules = (
			);
			dependencies = (
				BA13B28C2283076B00066D28 /* PBXTargetDependency */,
			);
			name = AssignmentUITests;
			productName = AssignmentUITests;
			productReference = BA13B28A2283076B00066D28 /* AssignmentUITests.xctest */;
			productType = "com.apple.product-type.bundle.ui-testing";
		};
/* End PBXNativeTarget section */

/* Begin PBXProject section */
		BA13B2632283076800066D28 /* Project object */ = {
			isa = PBXProject;
			attributes = {
				LastSwiftUpdateCheck = 1000;
				LastUpgradeCheck = 1000;
				ORGANIZATIONNAME = "Akshay Kumar";
				TargetAttributes = {
					BA13B26A2283076900066D28 = {
						CreatedOnToolsVersion = 10.0;
					};
					BA13B27E2283076B00066D28 = {
						CreatedOnToolsVersion = 10.0;
						TestTargetID = BA13B26A2283076900066D28;
					};
					BA13B2892283076B00066D28 = {
						CreatedOnToolsVersion = 10.0;
						TestTargetID = BA13B26A2283076900066D28;
					};
				};
			};
			buildConfigurationList = BA13B2662283076800066D28 /* Build configuration list for PBXProject "Assignment" */;
			compatibilityVersion = "Xcode 9.3";
			developmentRegion = en;
			hasScannedForEncodings = 0;
			knownRegions = (
				en,
				Base,
			);
			mainGroup = BA13B2622283076800066D28;
			productRefGroup = BA13B26C2283076900066D28 /* Products */;
			projectDirPath = "";
			projectRoot = "";
			targets = (
				BA13B26A2283076900066D28 /* Assignment */,
				BA13B27E2283076B00066D28 /* AssignmentTests */,
				BA13B2892283076B00066D28 /* AssignmentUITests */,
			);
		};
/* End PBXProject section */

/* Begin PBXResourcesBuildPhase section */
		BA13B2692283076900066D28 /* Resources */ = {
			isa = PBXResourcesBuildPhase;
			buildActionMask = 2147483647;
			files = (
				BA13B2792283076B00066D28 /* LaunchScreen.storyboard in Resources */,
				BA13B2762283076B00066D28 /* Assets.xcassets in Resources */,
				BA13B29F22831B6100066D28 /* Main.storyboard in Resources */,
			);
			runOnlyForDeploymentPostprocessing = 0;
		};
		BA13B27D2283076B00066D28 /* Resources */ = {
			isa = PBXResourcesBuildPhase;
			buildActionMask = 2147483647;
			files = (
			);
			runOnlyForDeploymentPostprocessing = 0;
		};
		BA13B2882283076B00066D28 /* Resources */ = {
			isa = PBXResourcesBuildPhase;
			buildActionMask = 2147483647;
			files = (
			);
			runOnlyForDeploymentPostprocessing = 0;
		};
/* End PBXResourcesBuildPhase section */

/* Begin PBXSourcesBuildPhase section */
		BA13B2672283076900066D28 /* Sources */ = {
			isa = PBXSourcesBuildPhase;
			buildActionMask = 2147483647;
			files = (
				BA13B26F2283076900066D28 /* AppDelegate.swift in Sources */,
				BA21EF3C22844B06006BC23B /* GameState.swift in Sources */,
				BA13B2A322831BC600066D28 /* GridViewController.swift in Sources */,
				BA21EF3A228449DA006BC23B /* GameLogic.swift in Sources */,
				BA21EF3822844714006BC23B /* GridCell.swift in Sources */,
				BA21EF3E22844B57006BC23B /* Cell.swift in Sources */,
			);
			runOnlyForDeploymentPostprocessing = 0;
		};
		BA13B27B2283076B00066D28 /* Sources */ = {
			isa = PBXSourcesBuildPhase;
			buildActionMask = 2147483647;
			files = (
				BA13B2842283076B00066D28 /* AssignmentTests.swift in Sources */,
			);
			runOnlyForDeploymentPostprocessing = 0;
		};
		BA13B2862283076B00066D28 /* Sources */ = {
			isa = PBXSourcesBuildPhase;
			buildActionMask = 2147483647;
			files = (
				BA13B28F2283076B00066D28 /* AssignmentUITests.swift in Sources */,
			);
			runOnlyForDeploymentPostprocessing = 0;
		};
/* End PBXSourcesBuildPhase section */

/* Begin PBXTargetDependency section */
		BA13B2812283076B00066D28 /* PBXTargetDependency */ = {
			isa = PBXTargetDependency;
			target = BA13B26A2283076900066D28 /* Assignment */;
			targetProxy = BA13B2802283076B00066D28 /* PBXContainerItemProxy */;
		};
		BA13B28C2283076B00066D28 /* PBXTargetDependency */ = {
			isa = PBXTargetDependency;
			target = BA13B26A2283076900066D28 /* Assignment */;
			targetProxy = BA13B28B2283076B00066D28 /* PBXContainerItemProxy */;
		};
/* End PBXTargetDependency section */

/* Begin PBXVariantGroup section */
		BA13B2772283076B00066D28 /* LaunchScreen.storyboard */ = {
			isa = PBXVariantGroup;
			children = (
				BA13B2782283076B00066D28 /* Base */,
			);
			name = LaunchScreen.storyboard;
			sourceTree = "<group>";
		};
/* End PBXVariantGroup section */

/* Begin XCBuildConfiguration section */
		BA13B2912283076B00066D28 /* Debug */ = {
			isa = XCBuildConfiguration;
			buildSettings = {
				ALWAYS_SEARCH_USER_PATHS = NO;
				CLANG_ANALYZER_NONNULL = YES;
				CLANG_ANALYZER_NUMBER_OBJECT_CONVERSION = YES_AGGRESSIVE;
				CLANG_CXX_LANGUAGE_STANDARD = "gnu++14";
				CLANG_CXX_LIBRARY = "libc++";
				CLANG_ENABLE_MODULES = YES;
				CLANG_ENABLE_OBJC_ARC = YES;
				CLANG_ENABLE_OBJC_WEAK = YES;
				CLANG_WARN_BLOCK_CAPTURE_AUTORELEASING = YES;
				CLANG_WARN_BOOL_CONVERSION = YES;
				CLANG_WARN_COMMA = YES;
				CLANG_WARN_CONSTANT_CONVERSION = YES;
				CLANG_WARN_DEPRECATED_OBJC_IMPLEMENTATIONS = YES;
				CLANG_WARN_DIRECT_OBJC_ISA_USAGE = YES_ERROR;
				CLANG_WARN_DOCUMENTATION_COMMENTS = YES;
				CLANG_WARN_EMPTY_BODY = YES;
				CLANG_WARN_ENUM_CONVERSION = YES;
				CLANG_WARN_INFINITE_RECURSION = YES;
				CLANG_WARN_INT_CONVERSION = YES;
				CLANG_WARN_NON_LITERAL_NULL_CONVERSION = YES;
				CLANG_WARN_OBJC_IMPLICIT_RETAIN_SELF = YES;
				CLANG_WARN_OBJC_LITERAL_CONVERSION = YES;
				CLANG_WARN_OBJC_ROOT_CLASS = YES_ERROR;
				CLANG_WARN_RANGE_LOOP_ANALYSIS = YES;
				CLANG_WARN_STRICT_PROTOTYPES = YES;
				CLANG_WARN_SUSPICIOUS_MOVE = YES;
				CLANG_WARN_UNGUARDED_AVAILABILITY = YES_AGGRESSIVE;
				CLANG_WARN_UNREACHABLE_CODE = YES;
				CLANG_WARN__DUPLICATE_METHOD_MATCH = YES;
				CODE_SIGN_IDENTITY = "iPhone Developer";
				COPY_PHASE_STRIP = NO;
				DEBUG_INFORMATION_FORMAT = dwarf;
				ENABLE_STRICT_OBJC_MSGSEND = YES;
				ENABLE_TESTABILITY = YES;
				GCC_C_LANGUAGE_STANDARD = gnu11;
				GCC_DYNAMIC_NO_PIC = NO;
				GCC_NO_COMMON_BLOCKS = YES;
				GCC_OPTIMIZATION_LEVEL = 0;
				GCC_PREPROCESSOR_DEFINITIONS = (
					"DEBUG=1",
					"$(inherited)",
				);
				GCC_WARN_64_TO_32_BIT_CONVERSION = YES;
				GCC_WARN_ABOUT_RETURN_TYPE = YES_ERROR;
				GCC_WARN_UNDECLARED_SELECTOR = YES;
				GCC_WARN_UNINITIALIZED_AUTOS = YES_AGGRESSIVE;
				GCC_WARN_UNUSED_FUNCTION = YES;
				GCC_WARN_UNUSED_VARIABLE = YES;
				IPHONEOS_DEPLOYMENT_TARGET = 12.0;
				MTL_ENABLE_DEBUG_INFO = INCLUDE_SOURCE;
				MTL_FAST_MATH = YES;
				ONLY_ACTIVE_ARCH = YES;
				SDKROOT = iphoneos;
				SWIFT_ACTIVE_COMPILATION_CONDITIONS = DEBUG;
				SWIFT_OPTIMIZATION_LEVEL = "-Onone";
			};
			name = Debug;
		};
		BA13B2922283076B00066D28 /* Release */ = {
			isa = XCBuildConfiguration;
			buildSettings = {
				ALWAYS_SEARCH_USER_PATHS = NO;
				CLANG_ANALYZER_NONNULL = YES;
				CLANG_ANALYZER_NUMBER_OBJECT_CONVERSION = YES_AGGRESSIVE;
				CLANG_CXX_LANGUAGE_STANDARD = "gnu++14";
				CLANG_CXX_LIBRARY = "libc++";
				CLANG_ENABLE_MODULES = YES;
				CLANG_ENABLE_OBJC_ARC = YES;
				CLANG_ENABLE_OBJC_WEAK = YES;
				CLANG_WARN_BLOCK_CAPTURE_AUTORELEASING = YES;
				CLANG_WARN_BOOL_CONVERSION = YES;
				CLANG_WARN_COMMA = YES;
				CLANG_WARN_CONSTANT_CONVERSION = YES;
				CLANG_WARN_DEPRECATED_OBJC_IMPLEMENTATIONS = YES;
				CLANG_WARN_DIRECT_OBJC_ISA_USAGE = YES_ERROR;
				CLANG_WARN_DOCUMENTATION_COMMENTS = YES;
				CLANG_WARN_EMPTY_BODY = YES;
				CLANG_WARN_ENUM_CONVERSION = YES;
				CLANG_WARN_INFINITE_RECURSION = YES;
				CLANG_WARN_INT_CONVERSION = YES;
				CLANG_WARN_NON_LITERAL_NULL_CONVERSION = YES;
				CLANG_WARN_OBJC_IMPLICIT_RETAIN_SELF = YES;
				CLANG_WARN_OBJC_LITERAL_CONVERSION = YES;
				CLANG_WARN_OBJC_ROOT_CLASS = YES_ERROR;
				CLANG_WARN_RANGE_LOOP_ANALYSIS = YES;
				CLANG_WARN_STRICT_PROTOTYPES = YES;
				CLANG_WARN_SUSPICIOUS_MOVE = YES;
				CLANG_WARN_UNGUARDED_AVAILABILITY = YES_AGGRESSIVE;
				CLANG_WARN_UNREACHABLE_CODE = YES;
				CLANG_WARN__DUPLICATE_METHOD_MATCH = YES;
				CODE_SIGN_IDENTITY = "iPhone Developer";
				COPY_PHASE_STRIP = NO;
				DEBUG_INFORMATION_FORMAT = "dwarf-with-dsym";
				ENABLE_NS_ASSERTIONS = NO;
				ENABLE_STRICT_OBJC_MSGSEND = YES;
				GCC_C_LANGUAGE_STANDARD = gnu11;
				GCC_NO_COMMON_BLOCKS = YES;
				GCC_WARN_64_TO_32_BIT_CONVERSION = YES;
				GCC_WARN_ABOUT_RETURN_TYPE = YES_ERROR;
				GCC_WARN_UNDECLARED_SELECTOR = YES;
				GCC_WARN_UNINITIALIZED_AUTOS = YES_AGGRESSIVE;
				GCC_WARN_UNUSED_FUNCTION = YES;
				GCC_WARN_UNUSED_VARIABLE = YES;
				IPHONEOS_DEPLOYMENT_TARGET = 12.0;
				MTL_ENABLE_DEBUG_INFO = NO;
				MTL_FAST_MATH = YES;
				SDKROOT = iphoneos;
				SWIFT_COMPILATION_MODE = wholemodule;
				SWIFT_OPTIMIZATION_LEVEL = "-O";
				VALIDATE_PRODUCT = YES;
			};
			name = Release;
		};
		BA13B2942283076B00066D28 /* Debug */ = {
			isa = XCBuildConfiguration;
			buildSettings = {
				ASSETCATALOG_COMPILER_APPICON_NAME = AppIcon;
				CODE_SIGN_STYLE = Automatic;
				INFOPLIST_FILE = Assignment/Info.plist;
				LD_RUNPATH_SEARCH_PATHS = (
					"$(inherited)",
					"@executable_path/Frameworks",
				);
				PRODUCT_BUNDLE_IDENTIFIER = com.akshay.Assignment;
				PRODUCT_NAME = "$(TARGET_NAME)";
				SWIFT_VERSION = 4.2;
				TARGETED_DEVICE_FAMILY = "1,2";
			};
			name = Debug;
		};
		BA13B2952283076B00066D28 /* Release */ = {
			isa = XCBuildConfiguration;
			buildSettings = {
				ASSETCATALOG_COMPILER_APPICON_NAME = AppIcon;
				CODE_SIGN_STYLE = Automatic;
				INFOPLIST_FILE = Assignment/Info.plist;
				LD_RUNPATH_SEARCH_PATHS = (
					"$(inherited)",
					"@executable_path/Frameworks",
				);
				PRODUCT_BUNDLE_IDENTIFIER = com.akshay.Assignment;
				PRODUCT_NAME = "$(TARGET_NAME)";
				SWIFT_VERSION = 4.2;
				TARGETED_DEVICE_FAMILY = "1,2";
			};
			name = Release;
		};
		BA13B2972283076B00066D28 /* Debug */ = {
			isa = XCBuildConfiguration;
			buildSettings = {
				ALWAYS_EMBED_SWIFT_STANDARD_LIBRARIES = YES;
				BUNDLE_LOADER = "$(TEST_HOST)";
				CODE_SIGN_STYLE = Automatic;
				INFOPLIST_FILE = AssignmentTests/Info.plist;
				LD_RUNPATH_SEARCH_PATHS = (
					"$(inherited)",
					"@executable_path/Frameworks",
					"@loader_path/Frameworks",
				);
				PRODUCT_BUNDLE_IDENTIFIER = com.akshay.AssignmentTests;
				PRODUCT_NAME = "$(TARGET_NAME)";
				SWIFT_VERSION = 4.2;
				TARGETED_DEVICE_FAMILY = "1,2";
				TEST_HOST = "$(BUILT_PRODUCTS_DIR)/Assignment.app/Assignment";
			};
			name = Debug;
		};
		BA13B2982283076B00066D28 /* Release */ = {
			isa = XCBuildConfiguration;
			buildSettings = {
				ALWAYS_EMBED_SWIFT_STANDARD_LIBRARIES = YES;
				BUNDLE_LOADER = "$(TEST_HOST)";
				CODE_SIGN_STYLE = Automatic;
				INFOPLIST_FILE = AssignmentTests/Info.plist;
				LD_RUNPATH_SEARCH_PATHS = (
					"$(inherited)",
					"@executable_path/Frameworks",
					"@loader_path/Frameworks",
				);
				PRODUCT_BUNDLE_IDENTIFIER = com.akshay.AssignmentTests;
				PRODUCT_NAME = "$(TARGET_NAME)";
				SWIFT_VERSION = 4.2;
				TARGETED_DEVICE_FAMILY = "1,2";
				TEST_HOST = "$(BUILT_PRODUCTS_DIR)/Assignment.app/Assignment";
			};
			name = Release;
		};
		BA13B29A2283076B00066D28 /* Debug */ = {
			isa = XCBuildConfiguration;
			buildSettings = {
				ALWAYS_EMBED_SWIFT_STANDARD_LIBRARIES = YES;
				CODE_SIGN_STYLE = Automatic;
				INFOPLIST_FILE = AssignmentUITests/Info.plist;
				LD_RUNPATH_SEARCH_PATHS = (
					"$(inherited)",
					"@executable_path/Frameworks",
					"@loader_path/Frameworks",
				);
				PRODUCT_BUNDLE_IDENTIFIER = com.akshay.AssignmentUITests;
				PRODUCT_NAME = "$(TARGET_NAME)";
				SWIFT_VERSION = 4.2;
				TARGETED_DEVICE_FAMILY = "1,2";
				TEST_TARGET_NAME = Assignment;
			};
			name = Debug;
		};
		BA13B29B2283076B00066D28 /* Release */ = {
			isa = XCBuildConfiguration;
			buildSettings = {
				ALWAYS_EMBED_SWIFT_STANDARD_LIBRARIES = YES;
				CODE_SIGN_STYLE = Automatic;
				INFOPLIST_FILE = AssignmentUITests/Info.plist;
				LD_RUNPATH_SEARCH_PATHS = (
					"$(inherited)",
					"@executable_path/Frameworks",
					"@loader_path/Frameworks",
				);
				PRODUCT_BUNDLE_IDENTIFIER = com.akshay.AssignmentUITests;
				PRODUCT_NAME = "$(TARGET_NAME)";
				SWIFT_VERSION = 4.2;
				TARGETED_DEVICE_FAMILY = "1,2";
				TEST_TARGET_NAME = Assignment;
			};
			name = Release;
		};
/* End XCBuildConfiguration section */

/* Begin XCConfigurationList section */
		BA13B2662283076800066D28 /* Build configuration list for PBXProject "Assignment" */ = {
			isa = XCConfigurationList;
			buildConfigurations = (
				BA13B2912283076B00066D28 /* Debug */,
				BA13B2922283076B00066D28 /* Release */,
			);
			defaultConfigurationIsVisible = 0;
			defaultConfigurationName = Release;
		};
		BA13B2932283076B00066D28 /* Build configuration list for PBXNativeTarget "Assignment" */ = {
			isa = XCConfigurationList;
			buildConfigurations = (
				BA13B2942283076B00066D28 /* Debug */,
				BA13B2952283076B00066D28 /* Release */,
			);
			defaultConfigurationIsVisible = 0;
			defaultConfigurationName = Release;
		};
		BA13B2962283076B00066D28 /* Build configuration list for PBXNativeTarget "AssignmentTests" */ = {
			isa = XCConfigurationList;
			buildConfigurations = (
				BA13B2972283076B00066D28 /* Debug */,
				BA13B2982283076B00066D28 /* Release */,
			);
			defaultConfigurationIsVisible = 0;
			defaultConfigurationName = Release;
		};
		BA13B2992283076B00066D28 /* Build configuration list for PBXNativeTarget "AssignmentUITests" */ = {
			isa = XCConfigurationList;
			buildConfigurations = (
				BA13B29A2283076B00066D28 /* Debug */,
				BA13B29B2283076B00066D28 /* Release */,
			);
			defaultConfigurationIsVisible = 0;
			defaultConfigurationName = Release;
		};
/* End XCConfigurationList section */
	};
	rootObject = BA13B2632283076800066D28 /* Project object */;
}
